
Microsoft Visual Studio Solution File, Format Version 12.00
# Visual Studio Version 16
VisualStudioVersion = 16.0.31424.327
MinimumVisualStudioVersion = 10.0.40219.1
Project("{FAE04EC0-301F-11D3-BF4B-00C04F79EFBC}") = "PrimeirAPI", "PrimeirAPI.csproj", "{F7A590FA-604B-495A-9064-96790769F888}"
EndProject
Global
	GlobalSection(SolutionConfigurationPlatforms) = preSolution
		Debug|Any CPU = Debug|Any CPU
		Release|Any CPU = Release|Any CPU
	EndGlobalSection
	GlobalSection(ProjectConfigurationPlatforms) = postSolution
		{F7A590FA-604B-495A-9064-96790769F888}.Debug|Any CPU.ActiveCfg = Debug|Any CPU
		{F7A590FA-604B-495A-9064-96790769F888}.Debug|Any CPU.Build.0 = Debug|Any CPU
		{F7A590FA-604B-495A-9064-96790769F888}.Release|Any CPU.ActiveCfg = Release|Any CPU
		{F7A590FA-604B-495A-9064-96790769F888}.Release|Any CPU.Build.0 = Release|Any CPU
	EndGlobalSection
	GlobalSection(SolutionProperties) = preSolution
		HideSolutionNode = FALSE
	EndGlobalSection
	GlobalSection(ExtensibilityGlobals) = postSolution
		SolutionGuid = {BB97782C-7137-409C-9459-C70AFCF7446B}
	EndGlobalSection
EndGlobal
